
Microsoft Visual Studio Solution File, Format Version 11.00
# Visual Studio 2010
# SharpDevelop 4.2.1.8805
Project("{FAE04EC0-301F-11D3-BF4B-00C04F79EFBC}") = "A Star 8 Puzzle", "A Star 8 Puzzle\A Star 8 Puzzle.csproj", "{656E379F-ABB6-4F4B-ABF4-21B5F549F1A4}"
EndProject
Global
	GlobalSection(SolutionConfigurationPlatforms) = preSolution
		Debug|x86 = Debug|x86
		Release|x86 = Release|x86
	EndGlobalSection
	GlobalSection(ProjectConfigurationPlatforms) = postSolution
		{656E379F-ABB6-4F4B-ABF4-21B5F549F1A4}.Debug|x86.Build.0 = Debug|x86
		{656E379F-ABB6-4F4B-ABF4-21B5F549F1A4}.Debug|x86.ActiveCfg = Debug|x86
		{656E379F-ABB6-4F4B-ABF4-21B5F549F1A4}.Release|x86.Build.0 = Release|x86
		{656E379F-ABB6-4F4B-ABF4-21B5F549F1A4}.Release|x86.ActiveCfg = Release|x86
	EndGlobalSection
EndGlobal
